// !$*UTF8*$!
{
	archiveVersion = 1;
	classes = {
	};
	objectVersion = 50;
	objects = {

/* Begin PBXBuildFile section */
		671D24B821AE5142009A61FD /* TabBarController.swift in Sources */ = {isa = PBXBuildFile; fileRef = 671D24B721AE5142009A61FD /* TabBarController.swift */; };
		671D24BA21AE70F7009A61FD /* InfoTabController.swift in Sources */ = {isa = PBXBuildFile; fileRef = 671D24B921AE70F7009A61FD /* InfoTabController.swift */; };
		674BC91421AD375F006FB63E /* TableViewController.swift in Sources */ = {isa = PBXBuildFile; fileRef = 674BC91321AD375F006FB63E /* TableViewController.swift */; };
		674BC91621AD3E04006FB63E /* EventsCell.swift in Sources */ = {isa = PBXBuildFile; fileRef = 674BC91521AD3E04006FB63E /* EventsCell.swift */; };
		6750BDFD21A3F60500616E6D /* ShowDetail.swift in Sources */ = {isa = PBXBuildFile; fileRef = 6750BDFC21A3F60500616E6D /* ShowDetail.swift */; };
		675BD7AE219931BC00170C46 /* AppDelegate.swift in Sources */ = {isa = PBXBuildFile; fileRef = 675BD7AD219931BC00170C46 /* AppDelegate.swift */; };
		675BD7B0219931BC00170C46 /* ViewController.swift in Sources */ = {isa = PBXBuildFile; fileRef = 675BD7AF219931BC00170C46 /* ViewController.swift */; };
		675BD7B3219931BC00170C46 /* Main.storyboard in Resources */ = {isa = PBXBuildFile; fileRef = 675BD7B1219931BC00170C46 /* Main.storyboard */; };
		675BD7B5219931BD00170C46 /* Assets.xcassets in Resources */ = {isa = PBXBuildFile; fileRef = 675BD7B4219931BD00170C46 /* Assets.xcassets */; };
		675BD7B8219931BD00170C46 /* LaunchScreen.storyboard in Resources */ = {isa = PBXBuildFile; fileRef = 675BD7B6219931BD00170C46 /* LaunchScreen.storyboard */; };
		675BD7C3219931BE00170C46 /* EventSearchTests.swift in Sources */ = {isa = PBXBuildFile; fileRef = 675BD7C2219931BE00170C46 /* EventSearchTests.swift */; };
		6765E58E21A4A51200E50E42 /* NetworkService.swift in Sources */ = {isa = PBXBuildFile; fileRef = 6765E58D21A4A51200E50E42 /* NetworkService.swift */; };
		6794222921AF385000FFA451 /* UpcomingViewController.swift in Sources */ = {isa = PBXBuildFile; fileRef = 6794222821AF385000FFA451 /* UpcomingViewController.swift */; };
		6794222D21AF5D3900FFA451 /* UpcomingTableViewCell.swift in Sources */ = {isa = PBXBuildFile; fileRef = 6794222C21AF5D3900FFA451 /* UpcomingTableViewCell.swift */; };
		6794222F21AF884600FFA451 /* CellObject.swift in Sources */ = {isa = PBXBuildFile; fileRef = 6794222E21AF884600FFA451 /* CellObject.swift */; };
		6794223321AFABF000FFA451 /* VenueViewController.swift in Sources */ = {isa = PBXBuildFile; fileRef = 6794223221AFABF000FFA451 /* VenueViewController.swift */; };
		D9FD85F8D1E55D8A35040C38 /* Pods_EventSearch.framework in Frameworks */ = {isa = PBXBuildFile; fileRef = 1D901672E333781A1B5399BD /* Pods_EventSearch.framework */; };
		E06DDB9FF6CF08C1B299A1EB /* Pods_EventSearchTests.framework in Frameworks */ = {isa = PBXBuildFile; fileRef = 1482B8E84B88CF055B14FC02 /* Pods_EventSearchTests.framework */; };
/* End PBXBuildFile section */

/* Begin PBXContainerItemProxy section */
		675BD7BF219931BE00170C46 /* PBXContainerItemProxy */ = {
			isa = PBXContainerItemProxy;
			containerPortal = 675BD7A2219931BB00170C46 /* Project object */;
			proxyType = 1;
			remoteGlobalIDString = 675BD7A9219931BB00170C46;
			remoteInfo = EventSearch;
		};
/* End PBXContainerItemProxy section */

/* Begin PBXFileReference section */
		1482B8E84B88CF055B14FC02 /* Pods_EventSearchTests.framework */ = {isa = PBXFileReference; explicitFileType = wrapper.framework; includeInIndex = 0; path = Pods_EventSearchTests.framework; sourceTree = BUILT_PRODUCTS_DIR; };
		1D901672E333781A1B5399BD /* Pods_EventSearch.framework */ = {isa = PBXFileReference; explicitFileType = wrapper.framework; includeInIndex = 0; path = Pods_EventSearch.framework; sourceTree = BUILT_PRODUCTS_DIR; };
		5FE812398312D3EBDF8FAE87 /* Pods-EventSearchTests.debug.xcconfig */ = {isa = PBXFileReference; includeInIndex = 1; lastKnownFileType = text.xcconfig; name = "Pods-EventSearchTests.debug.xcconfig"; path = "Pods/Target Support Files/Pods-EventSearchTests/Pods-EventSearchTests.debug.xcconfig"; sourceTree = "<group>"; };
		671D24B721AE5142009A61FD /* TabBarController.swift */ = {isa = PBXFileReference; lastKnownFileType = sourcecode.swift; path = TabBarController.swift; sourceTree = "<group>"; };
		671D24B921AE70F7009A61FD /* InfoTabController.swift */ = {isa = PBXFileReference; lastKnownFileType = sourcecode.swift; path = InfoTabController.swift; sourceTree = "<group>"; };
		674BC91321AD375F006FB63E /* TableViewController.swift */ = {isa = PBXFileReference; lastKnownFileType = sourcecode.swift; path = TableViewController.swift; sourceTree = "<group>"; };
		674BC91521AD3E04006FB63E /* EventsCell.swift */ = {isa = PBXFileReference; lastKnownFileType = sourcecode.swift; path = EventsCell.swift; sourceTree = "<group>"; };
		6750BDFC21A3F60500616E6D /* ShowDetail.swift */ = {isa = PBXFileReference; lastKnownFileType = sourcecode.swift; path = ShowDetail.swift; sourceTree = "<group>"; };
		675BD7AA219931BC00170C46 /* EventSearch.app */ = {isa = PBXFileReference; explicitFileType = wrapper.application; includeInIndex = 0; path = EventSearch.app; sourceTree = BUILT_PRODUCTS_DIR; };
		675BD7AD219931BC00170C46 /* AppDelegate.swift */ = {isa = PBXFileReference; lastKnownFileType = sourcecode.swift; path = AppDelegate.swift; sourceTree = "<group>"; };
		675BD7AF219931BC00170C46 /* ViewController.swift */ = {isa = PBXFileReference; lastKnownFileType = sourcecode.swift; path = ViewController.swift; sourceTree = "<group>"; };
		675BD7B2219931BC00170C46 /* Base */ = {isa = PBXFileReference; lastKnownFileType = file.storyboard; name = Base; path = Base.lproj/Main.storyboard; sourceTree = "<group>"; };
		675BD7B4219931BD00170C46 /* Assets.xcassets */ = {isa = PBXFileReference; lastKnownFileType = folder.assetcatalog; path = Assets.xcassets; sourceTree = "<group>"; };
		675BD7B7219931BD00170C46 /* Base */ = {isa = PBXFileReference; lastKnownFileType = file.storyboard; name = Base; path = Base.lproj/LaunchScreen.storyboard; sourceTree = "<group>"; };
		675BD7B9219931BD00170C46 /* Info.plist */ = {isa = PBXFileReference; lastKnownFileType = text.plist.xml; path = Info.plist; sourceTree = "<group>"; };
		675BD7BE219931BE00170C46 /* EventSearchTests.xctest */ = {isa = PBXFileReference; explicitFileType = wrapper.cfbundle; includeInIndex = 0; path = EventSearchTests.xctest; sourceTree = BUILT_PRODUCTS_DIR; };
		675BD7C2219931BE00170C46 /* EventSearchTests.swift */ = {isa = PBXFileReference; lastKnownFileType = sourcecode.swift; path = EventSearchTests.swift; sourceTree = "<group>"; };
		675BD7C4219931BE00170C46 /* Info.plist */ = {isa = PBXFileReference; lastKnownFileType = text.plist.xml; path = Info.plist; sourceTree = "<group>"; };
		6765E58D21A4A51200E50E42 /* NetworkService.swift */ = {isa = PBXFileReference; lastKnownFileType = sourcecode.swift; path = NetworkService.swift; sourceTree = "<group>"; };
		6794222821AF385000FFA451 /* UpcomingViewController.swift */ = {isa = PBXFileReference; lastKnownFileType = sourcecode.swift; path = UpcomingViewController.swift; sourceTree = "<group>"; };
		6794222C21AF5D3900FFA451 /* UpcomingTableViewCell.swift */ = {isa = PBXFileReference; lastKnownFileType = sourcecode.swift; path = UpcomingTableViewCell.swift; sourceTree = "<group>"; };
		6794222E21AF884600FFA451 /* CellObject.swift */ = {isa = PBXFileReference; lastKnownFileType = sourcecode.swift; path = CellObject.swift; sourceTree = "<group>"; };
		6794223221AFABF000FFA451 /* VenueViewController.swift */ = {isa = PBXFileReference; lastKnownFileType = sourcecode.swift; path = VenueViewController.swift; sourceTree = "<group>"; };
		7B6BE46CF876A96003B4BE8B /* Pods-EventSearch.release.xcconfig */ = {isa = PBXFileReference; includeInIndex = 1; lastKnownFileType = text.xcconfig; name = "Pods-EventSearch.release.xcconfig"; path = "Pods/Target Support Files/Pods-EventSearch/Pods-EventSearch.release.xcconfig"; sourceTree = "<group>"; };
		BF77B1B62B8F0E89A7FD701C /* Pods-EventSearch.debug.xcconfig */ = {isa = PBXFileReference; includeInIndex = 1; lastKnownFileType = text.xcconfig; name = "Pods-EventSearch.debug.xcconfig"; path = "Pods/Target Support Files/Pods-EventSearch/Pods-EventSearch.debug.xcconfig"; sourceTree = "<group>"; };
		FD8A5D7D8324650A5169D5B6 /* Pods-EventSearchTests.release.xcconfig */ = {isa = PBXFileReference; includeInIndex = 1; lastKnownFileType = text.xcconfig; name = "Pods-EventSearchTests.release.xcconfig"; path = "Pods/Target Support Files/Pods-EventSearchTests/Pods-EventSearchTests.release.xcconfig"; sourceTree = "<group>"; };
/* End PBXFileReference section */

/* Begin PBXFrameworksBuildPhase section */
		675BD7A7219931BB00170C46 /* Frameworks */ = {
			isa = PBXFrameworksBuildPhase;
			buildActionMask = 2147483647;
			files = (
				D9FD85F8D1E55D8A35040C38 /* Pods_EventSearch.framework in Frameworks */,
			);
			runOnlyForDeploymentPostprocessing = 0;
		};
		675BD7BB219931BE00170C46 /* Frameworks */ = {
			isa = PBXFrameworksBuildPhase;
			buildActionMask = 2147483647;
			files = (
				E06DDB9FF6CF08C1B299A1EB /* Pods_EventSearchTests.framework in Frameworks */,
			);
			runOnlyForDeploymentPostprocessing = 0;
		};
/* End PBXFrameworksBuildPhase section */

/* Begin PBXGroup section */
		675BD7A1219931BB00170C46 = {
			isa = PBXGroup;
			children = (
				675BD7AC219931BC00170C46 /* EventSearch */,
				675BD7C1219931BE00170C46 /* EventSearchTests */,
				675BD7AB219931BC00170C46 /* Products */,
				E90783FA3B0D27FE6A71677D /* Pods */,
				DE0075175EC5B61BBE0CBE32 /* Frameworks */,
			);
			sourceTree = "<group>";
		};
		675BD7AB219931BC00170C46 /* Products */ = {
			isa = PBXGroup;
			children = (
				675BD7AA219931BC00170C46 /* EventSearch.app */,
				675BD7BE219931BE00170C46 /* EventSearchTests.xctest */,
			);
			name = Products;
			sourceTree = "<group>";
		};
		675BD7AC219931BC00170C46 /* EventSearch */ = {
			isa = PBXGroup;
			children = (
				675BD7AD219931BC00170C46 /* AppDelegate.swift */,
				675BD7AF219931BC00170C46 /* ViewController.swift */,
				675BD7B1219931BC00170C46 /* Main.storyboard */,
				675BD7B4219931BD00170C46 /* Assets.xcassets */,
				675BD7B6219931BD00170C46 /* LaunchScreen.storyboard */,
				675BD7B9219931BD00170C46 /* Info.plist */,
				6750BDFC21A3F60500616E6D /* ShowDetail.swift */,
				6765E58D21A4A51200E50E42 /* NetworkService.swift */,
				674BC91321AD375F006FB63E /* TableViewController.swift */,
				674BC91521AD3E04006FB63E /* EventsCell.swift */,
				671D24B721AE5142009A61FD /* TabBarController.swift */,
				671D24B921AE70F7009A61FD /* InfoTabController.swift */,
				6794222821AF385000FFA451 /* UpcomingViewController.swift */,
				6794222C21AF5D3900FFA451 /* UpcomingTableViewCell.swift */,
				6794222E21AF884600FFA451 /* CellObject.swift */,
				6794223221AFABF000FFA451 /* VenueViewController.swift */,
			);
			path = EventSearch;
			sourceTree = "<group>";
		};
		675BD7C1219931BE00170C46 /* EventSearchTests */ = {
			isa = PBXGroup;
			children = (
				675BD7C2219931BE00170C46 /* EventSearchTests.swift */,
				675BD7C4219931BE00170C46 /* Info.plist */,
			);
			path = EventSearchTests;
			sourceTree = "<group>";
		};
		DE0075175EC5B61BBE0CBE32 /* Frameworks */ = {
			isa = PBXGroup;
			children = (
				1D901672E333781A1B5399BD /* Pods_EventSearch.framework */,
				1482B8E84B88CF055B14FC02 /* Pods_EventSearchTests.framework */,
			);
			name = Frameworks;
			sourceTree = "<group>";
		};
		E90783FA3B0D27FE6A71677D /* Pods */ = {
			isa = PBXGroup;
			children = (
				BF77B1B62B8F0E89A7FD701C /* Pods-EventSearch.debug.xcconfig */,
				7B6BE46CF876A96003B4BE8B /* Pods-EventSearch.release.xcconfig */,
				5FE812398312D3EBDF8FAE87 /* Pods-EventSearchTests.debug.xcconfig */,
				FD8A5D7D8324650A5169D5B6 /* Pods-EventSearchTests.release.xcconfig */,
			);
			name = Pods;
			sourceTree = "<group>";
		};
/* End PBXGroup section */

/* Begin PBXNativeTarget section */
		675BD7A9219931BB00170C46 /* EventSearch */ = {
			isa = PBXNativeTarget;
			buildConfigurationList = 675BD7C7219931BE00170C46 /* Build configuration list for PBXNativeTarget "EventSearch" */;
			buildPhases = (
				AC848747076D7F932DD22B5C /* [CP] Check Pods Manifest.lock */,
				675BD7A6219931BB00170C46 /* Sources */,
				675BD7A7219931BB00170C46 /* Frameworks */,
				675BD7A8219931BB00170C46 /* Resources */,
				58E6CEDDF8F3FA5FC4C25773 /* [CP] Embed Pods Frameworks */,
			);
			buildRules = (
			);
			dependencies = (
			);
			name = EventSearch;
			productName = EventSearch;
			productReference = 675BD7AA219931BC00170C46 /* EventSearch.app */;
			productType = "com.apple.product-type.application";
		};
		675BD7BD219931BE00170C46 /* EventSearchTests */ = {
			isa = PBXNativeTarget;
			buildConfigurationList = 675BD7CA219931BE00170C46 /* Build configuration list for PBXNativeTarget "EventSearchTests" */;
			buildPhases = (
				5E16F7F9ED717ED30FBA199B /* [CP] Check Pods Manifest.lock */,
				675BD7BA219931BE00170C46 /* Sources */,
				675BD7BB219931BE00170C46 /* Frameworks */,
				675BD7BC219931BE00170C46 /* Resources */,
			);
			buildRules = (
			);
			dependencies = (
				675BD7C0219931BE00170C46 /* PBXTargetDependency */,
			);
			name = EventSearchTests;
			productName = EventSearchTests;
			productReference = 675BD7BE219931BE00170C46 /* EventSearchTests.xctest */;
			productType = "com.apple.product-type.bundle.unit-test";
		};
/* End PBXNativeTarget section */

/* Begin PBXProject section */
		675BD7A2219931BB00170C46 /* Project object */ = {
			isa = PBXProject;
			attributes = {
				LastSwiftUpdateCheck = 1010;
				LastUpgradeCheck = 1010;
				ORGANIZATIONNAME = LCL;
				TargetAttributes = {
					675BD7A9219931BB00170C46 = {
						CreatedOnToolsVersion = 10.1;
					};
					675BD7BD219931BE00170C46 = {
						CreatedOnToolsVersion = 10.1;
						TestTargetID = 675BD7A9219931BB00170C46;
					};
				};
			};
			buildConfigurationList = 675BD7A5219931BB00170C46 /* Build configuration list for PBXProject "EventSearch" */;
			compatibilityVersion = "Xcode 9.3";
			developmentRegion = en;
			hasScannedForEncodings = 0;
			knownRegions = (
				en,
				Base,
			);
			mainGroup = 675BD7A1219931BB00170C46;
			productRefGroup = 675BD7AB219931BC00170C46 /* Products */;
			projectDirPath = "";
			projectRoot = "";
			targets = (
				675BD7A9219931BB00170C46 /* EventSearch */,
				675BD7BD219931BE00170C46 /* EventSearchTests */,
			);
		};
/* End PBXProject section */

/* Begin PBXResourcesBuildPhase section */
		675BD7A8219931BB00170C46 /* Resources */ = {
			isa = PBXResourcesBuildPhase;
			buildActionMask = 2147483647;
			files = (
				675BD7B8219931BD00170C46 /* LaunchScreen.storyboard in Resources */,
				675BD7B5219931BD00170C46 /* Assets.xcassets in Resources */,
				675BD7B3219931BC00170C46 /* Main.storyboard in Resources */,
			);
			runOnlyForDeploymentPostprocessing = 0;
		};
		675BD7BC219931BE00170C46 /* Resources */ = {
			isa = PBXResourcesBuildPhase;
			buildActionMask = 2147483647;
			files = (
			);
			runOnlyForDeploymentPostprocessing = 0;
		};
/* End PBXResourcesBuildPhase section */

/* Begin PBXShellScriptBuildPhase section */
		58E6CEDDF8F3FA5FC4C25773 /* [CP] Embed Pods Frameworks */ = {
			isa = PBXShellScriptBuildPhase;
			buildActionMask = 2147483647;
			files = (
			);
			inputFileListPaths = (
			);
			inputPaths = (
				"${SRCROOT}/Pods/Target Support Files/Pods-EventSearch/Pods-EventSearch-frameworks.sh",
				"${BUILT_PRODUCTS_DIR}/Alamofire/Alamofire.framework",
				"${BUILT_PRODUCTS_DIR}/EasyToast/EasyToast.framework",
				"${BUILT_PRODUCTS_DIR}/Kingfisher/Kingfisher.framework",
				"${BUILT_PRODUCTS_DIR}/McPicker/McPicker.framework",
				"${BUILT_PRODUCTS_DIR}/SwiftSpinner/SwiftSpinner.framework",
				"${BUILT_PRODUCTS_DIR}/SwiftyJSON/SwiftyJSON.framework",
			);
			name = "[CP] Embed Pods Frameworks";
			outputFileListPaths = (
			);
			outputPaths = (
				"${TARGET_BUILD_DIR}/${FRAMEWORKS_FOLDER_PATH}/Alamofire.framework",
				"${TARGET_BUILD_DIR}/${FRAMEWORKS_FOLDER_PATH}/EasyToast.framework",
				"${TARGET_BUILD_DIR}/${FRAMEWORKS_FOLDER_PATH}/Kingfisher.framework",
				"${TARGET_BUILD_DIR}/${FRAMEWORKS_FOLDER_PATH}/McPicker.framework",
				"${TARGET_BUILD_DIR}/${FRAMEWORKS_FOLDER_PATH}/SwiftSpinner.framework",
				"${TARGET_BUILD_DIR}/${FRAMEWORKS_FOLDER_PATH}/SwiftyJSON.framework",
			);
			runOnlyForDeploymentPostprocessing = 0;
			shellPath = /bin/sh;
			shellScript = "\"${SRCROOT}/Pods/Target Support Files/Pods-EventSearch/Pods-EventSearch-frameworks.sh\"\n";
			showEnvVarsInLog = 0;
		};
		5E16F7F9ED717ED30FBA199B /* [CP] Check Pods Manifest.lock */ = {
			isa = PBXShellScriptBuildPhase;
			buildActionMask = 2147483647;
			files = (
			);
			inputFileListPaths = (
			);
			inputPaths = (
				"${PODS_PODFILE_DIR_PATH}/Podfile.lock",
				"${PODS_ROOT}/Manifest.lock",
			);
			name = "[CP] Check Pods Manifest.lock";
			outputFileListPaths = (
			);
			outputPaths = (
				"$(DERIVED_FILE_DIR)/Pods-EventSearchTests-checkManifestLockResult.txt",
			);
			runOnlyForDeploymentPostprocessing = 0;
			shellPath = /bin/sh;
			shellScript = "diff \"${PODS_PODFILE_DIR_PATH}/Podfile.lock\" \"${PODS_ROOT}/Manifest.lock\" > /dev/null\nif [ $? != 0 ] ; then\n    # print error to STDERR\n    echo \"error: The sandbox is not in sync with the Podfile.lock. Run 'pod install' or update your CocoaPods installation.\" >&2\n    exit 1\nfi\n# This output is used by Xcode 'outputs' to avoid re-running this script phase.\necho \"SUCCESS\" > \"${SCRIPT_OUTPUT_FILE_0}\"\n";
			showEnvVarsInLog = 0;
		};
		AC848747076D7F932DD22B5C /* [CP] Check Pods Manifest.lock */ = {
			isa = PBXShellScriptBuildPhase;
			buildActionMask = 2147483647;
			files = (
			);
			inputFileListPaths = (
			);
			inputPaths = (
				"${PODS_PODFILE_DIR_PATH}/Podfile.lock",
				"${PODS_ROOT}/Manifest.lock",
			);
			name = "[CP] Check Pods Manifest.lock";
			outputFileListPaths = (
			);
			outputPaths = (
				"$(DERIVED_FILE_DIR)/Pods-EventSearch-checkManifestLockResult.txt",
			);
			runOnlyForDeploymentPostprocessing = 0;
			shellPath = /bin/sh;
			shellScript = "diff \"${PODS_PODFILE_DIR_PATH}/Podfile.lock\" \"${PODS_ROOT}/Manifest.lock\" > /dev/null\nif [ $? != 0 ] ; then\n    # print error to STDERR\n    echo \"error: The sandbox is not in sync with the Podfile.lock. Run 'pod install' or update your CocoaPods installation.\" >&2\n    exit 1\nfi\n# This output is used by Xcode 'outputs' to avoid re-running this script phase.\necho \"SUCCESS\" > \"${SCRIPT_OUTPUT_FILE_0}\"\n";
			showEnvVarsInLog = 0;
		};
/* End PBXShellScriptBuildPhase section */

/* Begin PBXSourcesBuildPhase section */
		675BD7A6219931BB00170C46 /* Sources */ = {
			isa = PBXSourcesBuildPhase;
			buildActionMask = 2147483647;
			files = (
				674BC91621AD3E04006FB63E /* EventsCell.swift in Sources */,
				671D24BA21AE70F7009A61FD /* InfoTabController.swift in Sources */,
				675BD7B0219931BC00170C46 /* ViewController.swift in Sources */,
				6794222921AF385000FFA451 /* UpcomingViewController.swift in Sources */,
				6750BDFD21A3F60500616E6D /* ShowDetail.swift in Sources */,
				6765E58E21A4A51200E50E42 /* NetworkService.swift in Sources */,
				6794223321AFABF000FFA451 /* VenueViewController.swift in Sources */,
				671D24B821AE5142009A61FD /* TabBarController.swift in Sources */,
				6794222F21AF884600FFA451 /* CellObject.swift in Sources */,
				6794222D21AF5D3900FFA451 /* UpcomingTableViewCell.swift in Sources */,
				674BC91421AD375F006FB63E /* TableViewController.swift in Sources */,
				675BD7AE219931BC00170C46 /* AppDelegate.swift in Sources */,
			);
			runOnlyForDeploymentPostprocessing = 0;
		};
		675BD7BA219931BE00170C46 /* Sources */ = {
			isa = PBXSourcesBuildPhase;
			buildActionMask = 2147483647;
			files = (
				675BD7C3219931BE00170C46 /* EventSearchTests.swift in Sources */,
			);
			runOnlyForDeploymentPostprocessing = 0;
		};
/* End PBXSourcesBuildPhase section */

/* Begin PBXTargetDependency section */
		675BD7C0219931BE00170C46 /* PBXTargetDependency */ = {
			isa = PBXTargetDependency;
			target = 675BD7A9219931BB00170C46 /* EventSearch */;
			targetProxy = 675BD7BF219931BE00170C46 /* PBXContainerItemProxy */;
		};
/* End PBXTargetDependency section */

/* Begin PBXVariantGroup section */
		675BD7B1219931BC00170C46 /* Main.storyboard */ = {
			isa = PBXVariantGroup;
			children = (
				675BD7B2219931BC00170C46 /* Base */,
			);
			name = Main.storyboard;
			sourceTree = "<group>";
		};
		675BD7B6219931BD00170C46 /* LaunchScreen.storyboard */ = {
			isa = PBXVariantGroup;
			children = (
				675BD7B7219931BD00170C46 /* Base */,
			);
			name = LaunchScreen.storyboard;
			sourceTree = "<group>";
		};
/* End PBXVariantGroup section */

/* Begin XCBuildConfiguration section */
		675BD7C5219931BE00170C46 /* Debug */ = {
			isa = XCBuildConfiguration;
			buildSettings = {
				ALWAYS_SEARCH_USER_PATHS = NO;
				CLANG_ANALYZER_NONNULL = YES;
				CLANG_ANALYZER_NUMBER_OBJECT_CONVERSION = YES_AGGRESSIVE;
				CLANG_CXX_LANGUAGE_STANDARD = "gnu++14";
				CLANG_CXX_LIBRARY = "libc++";
				CLANG_ENABLE_MODULES = YES;
				CLANG_ENABLE_OBJC_ARC = YES;
				CLANG_ENABLE_OBJC_WEAK = YES;
				CLANG_WARN_BLOCK_CAPTURE_AUTORELEASING = YES;
				CLANG_WARN_BOOL_CONVERSION = YES;
				CLANG_WARN_COMMA = YES;
				CLANG_WARN_CONSTANT_CONVERSION = YES;
				CLANG_WARN_DEPRECATED_OBJC_IMPLEMENTATIONS = YES;
				CLANG_WARN_DIRECT_OBJC_ISA_USAGE = YES_ERROR;
				CLANG_WARN_DOCUMENTATION_COMMENTS = YES;
				CLANG_WARN_EMPTY_BODY = YES;
				CLANG_WARN_ENUM_CONVERSION = YES;
				CLANG_WARN_INFINITE_RECURSION = YES;
				CLANG_WARN_INT_CONVERSION = YES;
				CLANG_WARN_NON_LITERAL_NULL_CONVERSION = YES;
				CLANG_WARN_OBJC_IMPLICIT_RETAIN_SELF = YES;
				CLANG_WARN_OBJC_LITERAL_CONVERSION = YES;
				CLANG_WARN_OBJC_ROOT_CLASS = YES_ERROR;
				CLANG_WARN_RANGE_LOOP_ANALYSIS = YES;
				CLANG_WARN_STRICT_PROTOTYPES = YES;
				CLANG_WARN_SUSPICIOUS_MOVE = YES;
				CLANG_WARN_UNGUARDED_AVAILABILITY = YES_AGGRESSIVE;
				CLANG_WARN_UNREACHABLE_CODE = YES;
				CLANG_WARN__DUPLICATE_METHOD_MATCH = YES;
				CODE_SIGN_IDENTITY = "iPhone Developer";
				COPY_PHASE_STRIP = NO;
				DEBUG_INFORMATION_FORMAT = dwarf;
				ENABLE_STRICT_OBJC_MSGSEND = YES;
				ENABLE_TESTABILITY = YES;
				GCC_C_LANGUAGE_STANDARD = gnu11;
				GCC_DYNAMIC_NO_PIC = NO;
				GCC_NO_COMMON_BLOCKS = YES;
				GCC_OPTIMIZATION_LEVEL = 0;
				GCC_PREPROCESSOR_DEFINITIONS = (
					"DEBUG=1",
					"$(inherited)",
				);
				GCC_WARN_64_TO_32_BIT_CONVERSION = YES;
				GCC_WARN_ABOUT_RETURN_TYPE = YES_ERROR;
				GCC_WARN_UNDECLARED_SELECTOR = YES;
				GCC_WARN_UNINITIALIZED_AUTOS = YES_AGGRESSIVE;
				GCC_WARN_UNUSED_FUNCTION = YES;
				GCC_WARN_UNUSED_VARIABLE = YES;
				IPHONEOS_DEPLOYMENT_TARGET = 12.1;
				MTL_ENABLE_DEBUG_INFO = INCLUDE_SOURCE;
				MTL_FAST_MATH = YES;
				ONLY_ACTIVE_ARCH = YES;
				SDKROOT = iphoneos;
				SWIFT_ACTIVE_COMPILATION_CONDITIONS = DEBUG;
				SWIFT_OPTIMIZATION_LEVEL = "-Onone";
				SWIFT_VERSION = 4.2;
			};
			name = Debug;
		};
		675BD7C6219931BE00170C46 /* Release */ = {
			isa = XCBuildConfiguration;
			buildSettings = {
				ALWAYS_SEARCH_USER_PATHS = NO;
				CLANG_ANALYZER_NONNULL = YES;
				CLANG_ANALYZER_NUMBER_OBJECT_CONVERSION = YES_AGGRESSIVE;
				CLANG_CXX_LANGUAGE_STANDARD = "gnu++14";
				CLANG_CXX_LIBRARY = "libc++";
				CLANG_ENABLE_MODULES = YES;
				CLANG_ENABLE_OBJC_ARC = YES;
				CLANG_ENABLE_OBJC_WEAK = YES;
				CLANG_WARN_BLOCK_CAPTURE_AUTORELEASING = YES;
				CLANG_WARN_BOOL_CONVERSION = YES;
				CLANG_WARN_COMMA = YES;
				CLANG_WARN_CONSTANT_CONVERSION = YES;
				CLANG_WARN_DEPRECATED_OBJC_IMPLEMENTATIONS = YES;
				CLANG_WARN_DIRECT_OBJC_ISA_USAGE = YES_ERROR;
				CLANG_WARN_DOCUMENTATION_COMMENTS = YES;
				CLANG_WARN_EMPTY_BODY = YES;
				CLANG_WARN_ENUM_CONVERSION = YES;
				CLANG_WARN_INFINITE_RECURSION = YES;
				CLANG_WARN_INT_CONVERSION = YES;
				CLANG_WARN_NON_LITERAL_NULL_CONVERSION = YES;
				CLANG_WARN_OBJC_IMPLICIT_RETAIN_SELF = YES;
				CLANG_WARN_OBJC_LITERAL_CONVERSION = YES;
				CLANG_WARN_OBJC_ROOT_CLASS = YES_ERROR;
				CLANG_WARN_RANGE_LOOP_ANALYSIS = YES;
				CLANG_WARN_STRICT_PROTOTYPES = YES;
				CLANG_WARN_SUSPICIOUS_MOVE = YES;
				CLANG_WARN_UNGUARDED_AVAILABILITY = YES_AGGRESSIVE;
				CLANG_WARN_UNREACHABLE_CODE = YES;
				CLANG_WARN__DUPLICATE_METHOD_MATCH = YES;
				CODE_SIGN_IDENTITY = "iPhone Developer";
				COPY_PHASE_STRIP = NO;
				DEBUG_INFORMATION_FORMAT = "dwarf-with-dsym";
				ENABLE_NS_ASSERTIONS = NO;
				ENABLE_STRICT_OBJC_MSGSEND = YES;
				GCC_C_LANGUAGE_STANDARD = gnu11;
				GCC_NO_COMMON_BLOCKS = YES;
				GCC_WARN_64_TO_32_BIT_CONVERSION = YES;
				GCC_WARN_ABOUT_RETURN_TYPE = YES_ERROR;
				GCC_WARN_UNDECLARED_SELECTOR = YES;
				GCC_WARN_UNINITIALIZED_AUTOS = YES_AGGRESSIVE;
				GCC_WARN_UNUSED_FUNCTION = YES;
				GCC_WARN_UNUSED_VARIABLE = YES;
				IPHONEOS_DEPLOYMENT_TARGET = 12.1;
				MTL_ENABLE_DEBUG_INFO = NO;
				MTL_FAST_MATH = YES;
				SDKROOT = iphoneos;
				SWIFT_COMPILATION_MODE = wholemodule;
				SWIFT_OPTIMIZATION_LEVEL = "-O";
				SWIFT_VERSION = 4.2;
				VALIDATE_PRODUCT = YES;
			};
			name = Release;
		};
		675BD7C8219931BE00170C46 /* Debug */ = {
			isa = XCBuildConfiguration;
			baseConfigurationReference = BF77B1B62B8F0E89A7FD701C /* Pods-EventSearch.debug.xcconfig */;
			buildSettings = {
				ASSETCATALOG_COMPILER_APPICON_NAME = AppIcon;
				CODE_SIGN_STYLE = Automatic;
				DEVELOPMENT_TEAM = 5KDH2EKQWV;
				INFOPLIST_FILE = EventSearch/Info.plist;
				LD_RUNPATH_SEARCH_PATHS = (
					"$(inherited)",
					"@executable_path/Frameworks",
				);
				PRODUCT_BUNDLE_IDENTIFIER = LCL.EventSearch;
				PRODUCT_NAME = "$(TARGET_NAME)";
				SWIFT_VERSION = 4.2;
				TARGETED_DEVICE_FAMILY = "1,2";
			};
			name = Debug;
		};
		675BD7C9219931BE00170C46 /* Release */ = {
			isa = XCBuildConfiguration;
			baseConfigurationReference = 7B6BE46CF876A96003B4BE8B /* Pods-EventSearch.release.xcconfig */;
			buildSettings = {
				ASSETCATALOG_COMPILER_APPICON_NAME = AppIcon;
				CODE_SIGN_STYLE = Automatic;
				DEVELOPMENT_TEAM = 5KDH2EKQWV;
				INFOPLIST_FILE = EventSearch/Info.plist;
				LD_RUNPATH_SEARCH_PATHS = (
					"$(inherited)",
					"@executable_path/Frameworks",
				);
				PRODUCT_BUNDLE_IDENTIFIER = LCL.EventSearch;
				PRODUCT_NAME = "$(TARGET_NAME)";
				SWIFT_VERSION = 4.2;
				TARGETED_DEVICE_FAMILY = "1,2";
			};
			name = Release;
		};
		675BD7CB219931BE00170C46 /* Debug */ = {
			isa = XCBuildConfiguration;
			baseConfigurationReference = 5FE812398312D3EBDF8FAE87 /* Pods-EventSearchTests.debug.xcconfig */;
			buildSettings = {
				ALWAYS_EMBED_SWIFT_STANDARD_LIBRARIES = YES;
				BUNDLE_LOADER = "$(TEST_HOST)";
				CODE_SIGN_STYLE = Automatic;
				DEVELOPMENT_TEAM = 5KDH2EKQWV;
				INFOPLIST_FILE = EventSearchTests/Info.plist;
				LD_RUNPATH_SEARCH_PATHS = (
					"$(inherited)",
					"@executable_path/Frameworks",
					"@loader_path/Frameworks",
				);
				PRODUCT_BUNDLE_IDENTIFIER = LCL.EventSearchTests;
				PRODUCT_NAME = "$(TARGET_NAME)";
				SWIFT_VERSION = 4.2;
				TARGETED_DEVICE_FAMILY = "1,2";
				TEST_HOST = "$(BUILT_PRODUCTS_DIR)/EventSearch.app/EventSearch";
			};
			name = Debug;
		};
		675BD7CC219931BE00170C46 /* Release */ = {
			isa = XCBuildConfiguration;
			baseConfigurationReference = FD8A5D7D8324650A5169D5B6 /* Pods-EventSearchTests.release.xcconfig */;
			buildSettings = {
				ALWAYS_EMBED_SWIFT_STANDARD_LIBRARIES = YES;
				BUNDLE_LOADER = "$(TEST_HOST)";
				CODE_SIGN_STYLE = Automatic;
				DEVELOPMENT_TEAM = 5KDH2EKQWV;
				INFOPLIST_FILE = EventSearchTests/Info.plist;
				LD_RUNPATH_SEARCH_PATHS = (
					"$(inherited)",
					"@executable_path/Frameworks",
					"@loader_path/Frameworks",
				);
				PRODUCT_BUNDLE_IDENTIFIER = LCL.EventSearchTests;
				PRODUCT_NAME = "$(TARGET_NAME)";
				SWIFT_VERSION = 4.2;
				TARGETED_DEVICE_FAMILY = "1,2";
				TEST_HOST = "$(BUILT_PRODUCTS_DIR)/EventSearch.app/EventSearch";
			};
			name = Release;
		};
/* End XCBuildConfiguration section */

/* Begin XCConfigurationList section */
		675BD7A5219931BB00170C46 /* Build configuration list for PBXProject "EventSearch" */ = {
			isa = XCConfigurationList;
			buildConfigurations = (
				675BD7C5219931BE00170C46 /* Debug */,
				675BD7C6219931BE00170C46 /* Release */,
			);
			defaultConfigurationIsVisible = 0;
			defaultConfigurationName = Release;
		};
		675BD7C7219931BE00170C46 /* Build configuration list for PBXNativeTarget "EventSearch" */ = {
			isa = XCConfigurationList;
			buildConfigurations = (
				675BD7C8219931BE00170C46 /* Debug */,
				675BD7C9219931BE00170C46 /* Release */,
			);
			defaultConfigurationIsVisible = 0;
			defaultConfigurationName = Release;
		};
		675BD7CA219931BE00170C46 /* Build configuration list for PBXNativeTarget "EventSearchTests" */ = {
			isa = XCConfigurationList;
			buildConfigurations = (
				675BD7CB219931BE00170C46 /* Debug */,
				675BD7CC219931BE00170C46 /* Release */,
			);
			defaultConfigurationIsVisible = 0;
			defaultConfigurationName = Release;
		};
/* End XCConfigurationList section */
	};
	rootObject = 675BD7A2219931BB00170C46 /* Project object */;
}
